
Microsoft Visual Studio Solution File, Format Version 12.00
# Visual Studio Version 16
VisualStudioVersion = 16.0.30907.101
MinimumVisualStudioVersion = 10.0.40219.1
Project("{2150E333-8FDC-42A3-9474-1A3956D46DE8}") = "Services", "Services", "{9EE104F6-6D8A-41DD-AF87-6DF5B97D75B3}"
EndProject
Project("{2150E333-8FDC-42A3-9474-1A3956D46DE8}") = "Catalog", "Catalog", "{5076249D-D126-4125-BB8B-E8F9A6556636}"
EndProject
Project("{2150E333-8FDC-42A3-9474-1A3956D46DE8}") = "Solution Items", "Solution Items", "{ACAA4A17-9991-4264-8514-FFBE3076CA30}"
	ProjectSection(SolutionItems) = preProject
		Ports.txt = Ports.txt
	EndProjectSection
EndProject
Project("{2150E333-8FDC-42A3-9474-1A3956D46DE8}") = "Shared", "Shared", "{781D343A-BB22-4CB9-A0F3-76F1C9084F54}"
EndProject
Project("{9A19103F-16F7-4668-BE54-9A1E7A4F7556}") = "Catalog.Api", "Services\Catalog\Catalog.Api\Catalog.Api.csproj", "{1925CF48-A548-4E3C-8D77-29A6324A2F6D}"
EndProject
Project("{9A19103F-16F7-4668-BE54-9A1E7A4F7556}") = "SharedLibrary", "Shared\SharedLibrary\SharedLibrary.csproj", "{43A16C2E-66B3-47C6-B656-04530B2A7BFA}"
EndProject
Project("{2150E333-8FDC-42A3-9474-1A3956D46DE8}") = "IdentityServerApi", "IdentityServerApi", "{E237CBE5-B73B-414C-BC8C-3D2D6FC68145}"
EndProject
Project("{9A19103F-16F7-4668-BE54-9A1E7A4F7556}") = "IdentityServer", "IdentityServer\IdentityServer.csproj", "{0A1FB6C7-EDCD-4CBC-A4FB-11CC9CB16894}"
EndProject
Project("{2150E333-8FDC-42A3-9474-1A3956D46DE8}") = "Photo", "Photo", "{819E8A71-CFB0-41FE-B3DF-F3D96D314A1A}"
EndProject
Project("{FAE04EC0-301F-11D3-BF4B-00C04F79EFBC}") = "Photo.Api", "Services\Photo\Photo.Api\Photo.Api.csproj", "{703B0EEB-FFA9-41C4-BD6E-72A22274FD1E}"
EndProject
Project("{2150E333-8FDC-42A3-9474-1A3956D46DE8}") = "Basket", "Basket", "{ACDCA8C2-C144-464E-9B49-2CA630FDD056}"
EndProject
Project("{FAE04EC0-301F-11D3-BF4B-00C04F79EFBC}") = "Basket.Api", "Services\Basket\Basket.Api\Basket.Api.csproj", "{BD4537AC-6046-488D-A29B-5AF138E41758}"
EndProject
Global
	GlobalSection(SolutionConfigurationPlatforms) = preSolution
		Debug|Any CPU = Debug|Any CPU
		Release|Any CPU = Release|Any CPU
	EndGlobalSection
	GlobalSection(ProjectConfigurationPlatforms) = postSolution
		{1925CF48-A548-4E3C-8D77-29A6324A2F6D}.Debug|Any CPU.ActiveCfg = Debug|Any CPU
		{1925CF48-A548-4E3C-8D77-29A6324A2F6D}.Debug|Any CPU.Build.0 = Debug|Any CPU
		{1925CF48-A548-4E3C-8D77-29A6324A2F6D}.Release|Any CPU.ActiveCfg = Release|Any CPU
		{1925CF48-A548-4E3C-8D77-29A6324A2F6D}.Release|Any CPU.Build.0 = Release|Any CPU
		{43A16C2E-66B3-47C6-B656-04530B2A7BFA}.Debug|Any CPU.ActiveCfg = Debug|Any CPU
		{43A16C2E-66B3-47C6-B656-04530B2A7BFA}.Debug|Any CPU.Build.0 = Debug|Any CPU
		{43A16C2E-66B3-47C6-B656-04530B2A7BFA}.Release|Any CPU.ActiveCfg = Release|Any CPU
		{43A16C2E-66B3-47C6-B656-04530B2A7BFA}.Release|Any CPU.Build.0 = Release|Any CPU
		{0A1FB6C7-EDCD-4CBC-A4FB-11CC9CB16894}.Debug|Any CPU.ActiveCfg = Debug|Any CPU
		{0A1FB6C7-EDCD-4CBC-A4FB-11CC9CB16894}.Debug|Any CPU.Build.0 = Debug|Any CPU
		{0A1FB6C7-EDCD-4CBC-A4FB-11CC9CB16894}.Release|Any CPU.ActiveCfg = Release|Any CPU
		{0A1FB6C7-EDCD-4CBC-A4FB-11CC9CB16894}.Release|Any CPU.Build.0 = Release|Any CPU
		{703B0EEB-FFA9-41C4-BD6E-72A22274FD1E}.Debug|Any CPU.ActiveCfg = Debug|Any CPU
		{703B0EEB-FFA9-41C4-BD6E-72A22274FD1E}.Debug|Any CPU.Build.0 = Debug|Any CPU
		{703B0EEB-FFA9-41C4-BD6E-72A22274FD1E}.Release|Any CPU.ActiveCfg = Release|Any CPU
		{703B0EEB-FFA9-41C4-BD6E-72A22274FD1E}.Release|Any CPU.Build.0 = Release|Any CPU
		{BD4537AC-6046-488D-A29B-5AF138E41758}.Debug|Any CPU.ActiveCfg = Debug|Any CPU
		{BD4537AC-6046-488D-A29B-5AF138E41758}.Debug|Any CPU.Build.0 = Debug|Any CPU
		{BD4537AC-6046-488D-A29B-5AF138E41758}.Release|Any CPU.ActiveCfg = Release|Any CPU
		{BD4537AC-6046-488D-A29B-5AF138E41758}.Release|Any CPU.Build.0 = Release|Any CPU
	EndGlobalSection
	GlobalSection(SolutionProperties) = preSolution
		HideSolutionNode = FALSE
	EndGlobalSection
	GlobalSection(NestedProjects) = preSolution
		{5076249D-D126-4125-BB8B-E8F9A6556636} = {9EE104F6-6D8A-41DD-AF87-6DF5B97D75B3}
		{1925CF48-A548-4E3C-8D77-29A6324A2F6D} = {5076249D-D126-4125-BB8B-E8F9A6556636}
		{43A16C2E-66B3-47C6-B656-04530B2A7BFA} = {781D343A-BB22-4CB9-A0F3-76F1C9084F54}
		{0A1FB6C7-EDCD-4CBC-A4FB-11CC9CB16894} = {E237CBE5-B73B-414C-BC8C-3D2D6FC68145}
		{819E8A71-CFB0-41FE-B3DF-F3D96D314A1A} = {9EE104F6-6D8A-41DD-AF87-6DF5B97D75B3}
		{703B0EEB-FFA9-41C4-BD6E-72A22274FD1E} = {819E8A71-CFB0-41FE-B3DF-F3D96D314A1A}
		{ACDCA8C2-C144-464E-9B49-2CA630FDD056} = {9EE104F6-6D8A-41DD-AF87-6DF5B97D75B3}
		{BD4537AC-6046-488D-A29B-5AF138E41758} = {ACDCA8C2-C144-464E-9B49-2CA630FDD056}
	EndGlobalSection
	GlobalSection(ExtensibilityGlobals) = postSolution
		SolutionGuid = {C6996C68-0FF4-4E0C-A1AD-D4FDC42266FD}
	EndGlobalSection
EndGlobal
